<?xml version="1.0" encoding="utf-8"?>
<Project ToolsVersion="4.0" xmlns="http://schemas.microsoft.com/developer/msbuild/2003">
  <ItemGroup>
    <ClCompile Include="Arena.cpp" />
    <ClCompile Include="Background.cpp" />
    <ClCompile Include="EatEffect.cpp" />
    <ClCompile Include="FoodItem.cpp" />
    <ClCompile Include="Game.cpp" />
    <ClCompile Include="GamepadControls.cpp" />
    <ClCompile Include="HUD.cpp" />
    <ClCompile Include="KeyControls.cpp" />
    <ClCompile Include="main.cpp" />
    <ClCompile Include="Menu.cpp" />
    <ClCompile Include="Snake.cpp" />
    <ClCompile Include="GameContext.cpp" />
    <ClCompile Include="SnakesFactory.cpp" />
  </ItemGroup>
  <ItemGroup>
    <ClInclude Include="Arena.hpp" />
    <ClInclude Include="Background.hpp" />
    <ClInclude Include="BaseItem.hpp" />
    <ClInclude Include="EatEffect.hpp" />
    <ClInclude Include="FoodItem.hpp" />
    <ClInclude Include="Game.hpp" />
    <ClInclude Include="GamepadControls.hpp" />
    <ClInclude Include="HUD.hpp" />
    <ClInclude Include="IControls.hpp" />
    <ClInclude Include="IGameDrawable.hpp" />
    <ClInclude Include="KeyControls.hpp" />
    <ClInclude Include="Menu.hpp" />
    <ClInclude Include="Snake.hpp" />
    <ClInclude Include="Types.hpp" />
    <ClInclude Include="IGameContent.hpp" />
    <ClInclude Include="GameContext.hpp" />
    <ClInclude Include="SnakesFactory.hpp" />
  </ItemGroup>
</Project>